// !$*UTF8*$!
{
	archiveVersion = 1;
	classes = {
	};
	objectVersion = 50;
	objects = {

/* Begin PBXBuildFile section */
		D00748902332D6FC008D6659 /* ViewController.swift in Sources */ = {isa = PBXBuildFile; fileRef = D007488F2332D6FC008D6659 /* ViewController.swift */; };
		D00748942332DE30008D6659 /* AppletCollectionViewCell.swift in Sources */ = {isa = PBXBuildFile; fileRef = D00748932332DE30008D6659 /* AppletCollectionViewCell.swift */; };
		D0C829122331FD640077B090 /* RequestError.swift in Sources */ = {isa = PBXBuildFile; fileRef = D0C829112331FD640077B090 /* RequestError.swift */; };
		D0C82918233216290077B090 /* TriggerCollectionViewController.swift in Sources */ = {isa = PBXBuildFile; fileRef = D0C82917233216290077B090 /* TriggerCollectionViewController.swift */; };
		D0F2608A232F9E64005FA653 /* AppDelegate.swift in Sources */ = {isa = PBXBuildFile; fileRef = D0F26089232F9E64005FA653 /* AppDelegate.swift */; };
		D0F26091232F9E65005FA653 /* Assets.xcassets in Resources */ = {isa = PBXBuildFile; fileRef = D0F26090232F9E65005FA653 /* Assets.xcassets */; };
		D0F26094232F9E65005FA653 /* LaunchScreen.storyboard in Resources */ = {isa = PBXBuildFile; fileRef = D0F26092232F9E65005FA653 /* LaunchScreen.storyboard */; };
		D0F2609F232F9E65005FA653 /* Applet_IFTTTTests.swift in Sources */ = {isa = PBXBuildFile; fileRef = D0F2609E232F9E65005FA653 /* Applet_IFTTTTests.swift */; };
		D0F260AD232F9FBA005FA653 /* Channel.swift in Sources */ = {isa = PBXBuildFile; fileRef = D0F260AC232F9FBA005FA653 /* Channel.swift */; };
		D0F260B023300509005FA653 /* Applets.swift in Sources */ = {isa = PBXBuildFile; fileRef = D0F260AF23300509005FA653 /* Applets.swift */; };
		D0F260B62330F078005FA653 /* Image.swift in Sources */ = {isa = PBXBuildFile; fileRef = D0F260B52330F078005FA653 /* Image.swift */; };
		D0F575252331A2E100DFBA8E /* RequestManager.swift in Sources */ = {isa = PBXBuildFile; fileRef = D0F575242331A2E100DFBA8E /* RequestManager.swift */; };
/* End PBXBuildFile section */

/* Begin PBXContainerItemProxy section */
		D0F2609B232F9E65005FA653 /* PBXContainerItemProxy */ = {
			isa = PBXContainerItemProxy;
			containerPortal = D0F2607E232F9E64005FA653 /* Project object */;
			proxyType = 1;
			remoteGlobalIDString = D0F26085232F9E64005FA653;
			remoteInfo = "Applet IFTTT";
		};
/* End PBXContainerItemProxy section */

/* Begin PBXFileReference section */
		D007488F2332D6FC008D6659 /* ViewController.swift */ = {isa = PBXFileReference; lastKnownFileType = sourcecode.swift; path = ViewController.swift; sourceTree = "<group>"; };
		D00748932332DE30008D6659 /* AppletCollectionViewCell.swift */ = {isa = PBXFileReference; lastKnownFileType = sourcecode.swift; path = AppletCollectionViewCell.swift; sourceTree = "<group>"; };
		D0C829112331FD640077B090 /* RequestError.swift */ = {isa = PBXFileReference; lastKnownFileType = sourcecode.swift; path = RequestError.swift; sourceTree = "<group>"; };
		D0C82917233216290077B090 /* TriggerCollectionViewController.swift */ = {isa = PBXFileReference; lastKnownFileType = sourcecode.swift; path = TriggerCollectionViewController.swift; sourceTree = "<group>"; };
		D0F26086232F9E64005FA653 /* Applet IFTTT.app */ = {isa = PBXFileReference; explicitFileType = wrapper.application; includeInIndex = 0; path = "Applet IFTTT.app"; sourceTree = BUILT_PRODUCTS_DIR; };
		D0F26089232F9E64005FA653 /* AppDelegate.swift */ = {isa = PBXFileReference; lastKnownFileType = sourcecode.swift; path = AppDelegate.swift; sourceTree = "<group>"; };
		D0F26090232F9E65005FA653 /* Assets.xcassets */ = {isa = PBXFileReference; lastKnownFileType = folder.assetcatalog; path = Assets.xcassets; sourceTree = "<group>"; };
		D0F26093232F9E65005FA653 /* Base */ = {isa = PBXFileReference; lastKnownFileType = file.storyboard; name = Base; path = Base.lproj/LaunchScreen.storyboard; sourceTree = "<group>"; };
		D0F26095232F9E65005FA653 /* Info.plist */ = {isa = PBXFileReference; lastKnownFileType = text.plist.xml; path = Info.plist; sourceTree = "<group>"; };
		D0F2609A232F9E65005FA653 /* Applet IFTTTTests.xctest */ = {isa = PBXFileReference; explicitFileType = wrapper.cfbundle; includeInIndex = 0; path = "Applet IFTTTTests.xctest"; sourceTree = BUILT_PRODUCTS_DIR; };
		D0F2609E232F9E65005FA653 /* Applet_IFTTTTests.swift */ = {isa = PBXFileReference; lastKnownFileType = sourcecode.swift; path = Applet_IFTTTTests.swift; sourceTree = "<group>"; };
		D0F260A0232F9E65005FA653 /* Info.plist */ = {isa = PBXFileReference; lastKnownFileType = text.plist.xml; path = Info.plist; sourceTree = "<group>"; };
		D0F260AC232F9FBA005FA653 /* Channel.swift */ = {isa = PBXFileReference; lastKnownFileType = sourcecode.swift; path = Channel.swift; sourceTree = "<group>"; };
		D0F260AF23300509005FA653 /* Applets.swift */ = {isa = PBXFileReference; lastKnownFileType = sourcecode.swift; path = Applets.swift; sourceTree = "<group>"; };
		D0F260B52330F078005FA653 /* Image.swift */ = {isa = PBXFileReference; lastKnownFileType = sourcecode.swift; path = Image.swift; sourceTree = "<group>"; };
		D0F575242331A2E100DFBA8E /* RequestManager.swift */ = {isa = PBXFileReference; lastKnownFileType = sourcecode.swift; name = RequestManager.swift; path = "Applet IFTTT/Resources/RequestManager.swift"; sourceTree = SOURCE_ROOT; };
/* End PBXFileReference section */

/* Begin PBXFrameworksBuildPhase section */
		D0F26083232F9E64005FA653 /* Frameworks */ = {
			isa = PBXFrameworksBuildPhase;
			buildActionMask = 2147483647;
			files = (
			);
			runOnlyForDeploymentPostprocessing = 0;
		};
		D0F26097232F9E65005FA653 /* Frameworks */ = {
			isa = PBXFrameworksBuildPhase;
			buildActionMask = 2147483647;
			files = (
			);
			runOnlyForDeploymentPostprocessing = 0;
		};
/* End PBXFrameworksBuildPhase section */

/* Begin PBXGroup section */
		D0C82914233215580077B090 /* View Controllers */ = {
			isa = PBXGroup;
			children = (
				D0C82917233216290077B090 /* TriggerCollectionViewController.swift */,
				D007488F2332D6FC008D6659 /* ViewController.swift */,
				D00748932332DE30008D6659 /* AppletCollectionViewCell.swift */,
			);
			path = "View Controllers";
			sourceTree = "<group>";
		};
		D0F2607D232F9E64005FA653 = {
			isa = PBXGroup;
			children = (
				D0F26088232F9E64005FA653 /* Applet IFTTT */,
				D0F2609D232F9E65005FA653 /* Applet IFTTTTests */,
				D0F26087232F9E64005FA653 /* Products */,
			);
			sourceTree = "<group>";
		};
		D0F26087232F9E64005FA653 /* Products */ = {
			isa = PBXGroup;
			children = (
				D0F26086232F9E64005FA653 /* Applet IFTTT.app */,
				D0F2609A232F9E65005FA653 /* Applet IFTTTTests.xctest */,
			);
			name = Products;
			sourceTree = "<group>";
		};
		D0F26088232F9E64005FA653 /* Applet IFTTT */ = {
			isa = PBXGroup;
			children = (
				D0F26089232F9E64005FA653 /* AppDelegate.swift */,
				D0C82914233215580077B090 /* View Controllers */,
				D0F260B323303398005FA653 /* Model */,
				D0F260B4233033B2005FA653 /* Resources */,
			);
			path = "Applet IFTTT";
			sourceTree = "<group>";
		};
		D0F2609D232F9E65005FA653 /* Applet IFTTTTests */ = {
			isa = PBXGroup;
			children = (
				D0F2609E232F9E65005FA653 /* Applet_IFTTTTests.swift */,
				D0F260A0232F9E65005FA653 /* Info.plist */,
			);
			path = "Applet IFTTTTests";
			sourceTree = "<group>";
		};
		D0F260B323303398005FA653 /* Model */ = {
			isa = PBXGroup;
			children = (
				D0F260B52330F078005FA653 /* Image.swift */,
				D0F260AF23300509005FA653 /* Applets.swift */,
				D0F260AC232F9FBA005FA653 /* Channel.swift */,
			);
			path = Model;
			sourceTree = "<group>";
		};
		D0F260B4233033B2005FA653 /* Resources */ = {
			isa = PBXGroup;
			children = (
				D0F575242331A2E100DFBA8E /* RequestManager.swift */,
				D0F26095232F9E65005FA653 /* Info.plist */,
				D0F26090232F9E65005FA653 /* Assets.xcassets */,
				D0F26092232F9E65005FA653 /* LaunchScreen.storyboard */,
				D0C829112331FD640077B090 /* RequestError.swift */,
			);
			path = Resources;
			sourceTree = "<group>";
		};
/* End PBXGroup section */

/* Begin PBXNativeTarget section */
		D0F26085232F9E64005FA653 /* Applet IFTTT */ = {
			isa = PBXNativeTarget;
			buildConfigurationList = D0F260A3232F9E65005FA653 /* Build configuration list for PBXNativeTarget "Applet IFTTT" */;
			buildPhases = (
				D0F26082232F9E64005FA653 /* Sources */,
				D0F26083232F9E64005FA653 /* Frameworks */,
				D0F26084232F9E64005FA653 /* Resources */,
			);
			buildRules = (
			);
			dependencies = (
			);
			name = "Applet IFTTT";
			productName = "Applet IFTTT";
			productReference = D0F26086232F9E64005FA653 /* Applet IFTTT.app */;
			productType = "com.apple.product-type.application";
		};
		D0F26099232F9E65005FA653 /* Applet IFTTTTests */ = {
			isa = PBXNativeTarget;
			buildConfigurationList = D0F260A6232F9E65005FA653 /* Build configuration list for PBXNativeTarget "Applet IFTTTTests" */;
			buildPhases = (
				D0F26096232F9E65005FA653 /* Sources */,
				D0F26097232F9E65005FA653 /* Frameworks */,
				D0F26098232F9E65005FA653 /* Resources */,
			);
			buildRules = (
			);
			dependencies = (
				D0F2609C232F9E65005FA653 /* PBXTargetDependency */,
			);
			name = "Applet IFTTTTests";
			productName = "Applet IFTTTTests";
			productReference = D0F2609A232F9E65005FA653 /* Applet IFTTTTests.xctest */;
			productType = "com.apple.product-type.bundle.unit-test";
		};
/* End PBXNativeTarget section */

/* Begin PBXProject section */
		D0F2607E232F9E64005FA653 /* Project object */ = {
			isa = PBXProject;
			attributes = {
				LastSwiftUpdateCheck = 1020;
				LastUpgradeCheck = 1020;
				ORGANIZATIONNAME = "Alexa Francis";
				TargetAttributes = {
					D0F26085232F9E64005FA653 = {
						CreatedOnToolsVersion = 10.2.1;
					};
					D0F26099232F9E65005FA653 = {
						CreatedOnToolsVersion = 10.2.1;
						TestTargetID = D0F26085232F9E64005FA653;
					};
				};
			};
			buildConfigurationList = D0F26081232F9E64005FA653 /* Build configuration list for PBXProject "Applet IFTTT" */;
			compatibilityVersion = "Xcode 9.3";
			developmentRegion = en;
			hasScannedForEncodings = 0;
			knownRegions = (
				en,
				Base,
			);
			mainGroup = D0F2607D232F9E64005FA653;
			productRefGroup = D0F26087232F9E64005FA653 /* Products */;
			projectDirPath = "";
			projectRoot = "";
			targets = (
				D0F26085232F9E64005FA653 /* Applet IFTTT */,
				D0F26099232F9E65005FA653 /* Applet IFTTTTests */,
			);
		};
/* End PBXProject section */

/* Begin PBXResourcesBuildPhase section */
		D0F26084232F9E64005FA653 /* Resources */ = {
			isa = PBXResourcesBuildPhase;
			buildActionMask = 2147483647;
			files = (
				D0F26094232F9E65005FA653 /* LaunchScreen.storyboard in Resources */,
				D0F26091232F9E65005FA653 /* Assets.xcassets in Resources */,
			);
			runOnlyForDeploymentPostprocessing = 0;
		};
		D0F26098232F9E65005FA653 /* Resources */ = {
			isa = PBXResourcesBuildPhase;
			buildActionMask = 2147483647;
			files = (
			);
			runOnlyForDeploymentPostprocessing = 0;
		};
/* End PBXResourcesBuildPhase section */

/* Begin PBXSourcesBuildPhase section */
		D0F26082232F9E64005FA653 /* Sources */ = {
			isa = PBXSourcesBuildPhase;
			buildActionMask = 2147483647;
			files = (
				D0C829122331FD640077B090 /* RequestError.swift in Sources */,
				D0F260B62330F078005FA653 /* Image.swift in Sources */,
				D00748942332DE30008D6659 /* AppletCollectionViewCell.swift in Sources */,
				D0F260B023300509005FA653 /* Applets.swift in Sources */,
				D00748902332D6FC008D6659 /* ViewController.swift in Sources */,
				D0F260AD232F9FBA005FA653 /* Channel.swift in Sources */,
				D0F575252331A2E100DFBA8E /* RequestManager.swift in Sources */,
				D0F2608A232F9E64005FA653 /* AppDelegate.swift in Sources */,
				D0C82918233216290077B090 /* TriggerCollectionViewController.swift in Sources */,
			);
			runOnlyForDeploymentPostprocessing = 0;
		};
		D0F26096232F9E65005FA653 /* Sources */ = {
			isa = PBXSourcesBuildPhase;
			buildActionMask = 2147483647;
			files = (
				D0F2609F232F9E65005FA653 /* Applet_IFTTTTests.swift in Sources */,
			);
			runOnlyForDeploymentPostprocessing = 0;
		};
/* End PBXSourcesBuildPhase section */

/* Begin PBXTargetDependency section */
		D0F2609C232F9E65005FA653 /* PBXTargetDependency */ = {
			isa = PBXTargetDependency;
			target = D0F26085232F9E64005FA653 /* Applet IFTTT */;
			targetProxy = D0F2609B232F9E65005FA653 /* PBXContainerItemProxy */;
		};
/* End PBXTargetDependency section */

/* Begin PBXVariantGroup section */
		D0F26092232F9E65005FA653 /* LaunchScreen.storyboard */ = {
			isa = PBXVariantGroup;
			children = (
				D0F26093232F9E65005FA653 /* Base */,
			);
			name = LaunchScreen.storyboard;
			sourceTree = "<group>";
		};
/* End PBXVariantGroup section */

/* Begin XCBuildConfiguration section */
		D0F260A1232F9E65005FA653 /* Debug */ = {
			isa = XCBuildConfiguration;
			buildSettings = {
				ALWAYS_SEARCH_USER_PATHS = NO;
				CLANG_ANALYZER_NONNULL = YES;
				CLANG_ANALYZER_NUMBER_OBJECT_CONVERSION = YES_AGGRESSIVE;
				CLANG_CXX_LANGUAGE_STANDARD = "gnu++14";
				CLANG_CXX_LIBRARY = "libc++";
				CLANG_ENABLE_MODULES = YES;
				CLANG_ENABLE_OBJC_ARC = YES;
				CLANG_ENABLE_OBJC_WEAK = YES;
				CLANG_WARN_BLOCK_CAPTURE_AUTORELEASING = YES;
				CLANG_WARN_BOOL_CONVERSION = YES;
				CLANG_WARN_COMMA = YES;
				CLANG_WARN_CONSTANT_CONVERSION = YES;
				CLANG_WARN_DEPRECATED_OBJC_IMPLEMENTATIONS = YES;
				CLANG_WARN_DIRECT_OBJC_ISA_USAGE = YES_ERROR;
				CLANG_WARN_DOCUMENTATION_COMMENTS = YES;
				CLANG_WARN_EMPTY_BODY = YES;
				CLANG_WARN_ENUM_CONVERSION = YES;
				CLANG_WARN_INFINITE_RECURSION = YES;
				CLANG_WARN_INT_CONVERSION = YES;
				CLANG_WARN_NON_LITERAL_NULL_CONVERSION = YES;
				CLANG_WARN_OBJC_IMPLICIT_RETAIN_SELF = YES;
				CLANG_WARN_OBJC_LITERAL_CONVERSION = YES;
				CLANG_WARN_OBJC_ROOT_CLASS = YES_ERROR;
				CLANG_WARN_RANGE_LOOP_ANALYSIS = YES;
				CLANG_WARN_STRICT_PROTOTYPES = YES;
				CLANG_WARN_SUSPICIOUS_MOVE = YES;
				CLANG_WARN_UNGUARDED_AVAILABILITY = YES_AGGRESSIVE;
				CLANG_WARN_UNREACHABLE_CODE = YES;
				CLANG_WARN__DUPLICATE_METHOD_MATCH = YES;
				CODE_SIGN_IDENTITY = "iPhone Developer";
				COPY_PHASE_STRIP = NO;
				DEBUG_INFORMATION_FORMAT = dwarf;
				ENABLE_STRICT_OBJC_MSGSEND = YES;
				ENABLE_TESTABILITY = YES;
				GCC_C_LANGUAGE_STANDARD = gnu11;
				GCC_DYNAMIC_NO_PIC = NO;
				GCC_NO_COMMON_BLOCKS = YES;
				GCC_OPTIMIZATION_LEVEL = 0;
				GCC_PREPROCESSOR_DEFINITIONS = (
					"DEBUG=1",
					"$(inherited)",
				);
				GCC_WARN_64_TO_32_BIT_CONVERSION = YES;
				GCC_WARN_ABOUT_RETURN_TYPE = YES_ERROR;
				GCC_WARN_UNDECLARED_SELECTOR = YES;
				GCC_WARN_UNINITIALIZED_AUTOS = YES_AGGRESSIVE;
				GCC_WARN_UNUSED_FUNCTION = YES;
				GCC_WARN_UNUSED_VARIABLE = YES;
				IPHONEOS_DEPLOYMENT_TARGET = 12.1;
				MTL_ENABLE_DEBUG_INFO = INCLUDE_SOURCE;
				MTL_FAST_MATH = YES;
				ONLY_ACTIVE_ARCH = YES;
				SDKROOT = iphoneos;
				SWIFT_ACTIVE_COMPILATION_CONDITIONS = DEBUG;
				SWIFT_OPTIMIZATION_LEVEL = "-Onone";
			};
			name = Debug;
		};
		D0F260A2232F9E65005FA653 /* Release */ = {
			isa = XCBuildConfiguration;
			buildSettings = {
				ALWAYS_SEARCH_USER_PATHS = NO;
				CLANG_ANALYZER_NONNULL = YES;
				CLANG_ANALYZER_NUMBER_OBJECT_CONVERSION = YES_AGGRESSIVE;
				CLANG_CXX_LANGUAGE_STANDARD = "gnu++14";
				CLANG_CXX_LIBRARY = "libc++";
				CLANG_ENABLE_MODULES = YES;
				CLANG_ENABLE_OBJC_ARC = YES;
				CLANG_ENABLE_OBJC_WEAK = YES;
				CLANG_WARN_BLOCK_CAPTURE_AUTORELEASING = YES;
				CLANG_WARN_BOOL_CONVERSION = YES;
				CLANG_WARN_COMMA = YES;
				CLANG_WARN_CONSTANT_CONVERSION = YES;
				CLANG_WARN_DEPRECATED_OBJC_IMPLEMENTATIONS = YES;
				CLANG_WARN_DIRECT_OBJC_ISA_USAGE = YES_ERROR;
				CLANG_WARN_DOCUMENTATION_COMMENTS = YES;
				CLANG_WARN_EMPTY_BODY = YES;
				CLANG_WARN_ENUM_CONVERSION = YES;
				CLANG_WARN_INFINITE_RECURSION = YES;
				CLANG_WARN_INT_CONVERSION = YES;
				CLANG_WARN_NON_LITERAL_NULL_CONVERSION = YES;
				CLANG_WARN_OBJC_IMPLICIT_RETAIN_SELF = YES;
				CLANG_WARN_OBJC_LITERAL_CONVERSION = YES;
				CLANG_WARN_OBJC_ROOT_CLASS = YES_ERROR;
				CLANG_WARN_RANGE_LOOP_ANALYSIS = YES;
				CLANG_WARN_STRICT_PROTOTYPES = YES;
				CLANG_WARN_SUSPICIOUS_MOVE = YES;
				CLANG_WARN_UNGUARDED_AVAILABILITY = YES_AGGRESSIVE;
				CLANG_WARN_UNREACHABLE_CODE = YES;
				CLANG_WARN__DUPLICATE_METHOD_MATCH = YES;
				CODE_SIGN_IDENTITY = "iPhone Developer";
				COPY_PHASE_STRIP = NO;
				DEBUG_INFORMATION_FORMAT = "dwarf-with-dsym";
				ENABLE_NS_ASSERTIONS = NO;
				ENABLE_STRICT_OBJC_MSGSEND = YES;
				GCC_C_LANGUAGE_STANDARD = gnu11;
				GCC_NO_COMMON_BLOCKS = YES;
				GCC_WARN_64_TO_32_BIT_CONVERSION = YES;
				GCC_WARN_ABOUT_RETURN_TYPE = YES_ERROR;
				GCC_WARN_UNDECLARED_SELECTOR = YES;
				GCC_WARN_UNINITIALIZED_AUTOS = YES_AGGRESSIVE;
				GCC_WARN_UNUSED_FUNCTION = YES;
				GCC_WARN_UNUSED_VARIABLE = YES;
				IPHONEOS_DEPLOYMENT_TARGET = 12.1;
				MTL_ENABLE_DEBUG_INFO = NO;
				MTL_FAST_MATH = YES;
				SDKROOT = iphoneos;
				SWIFT_COMPILATION_MODE = wholemodule;
				SWIFT_OPTIMIZATION_LEVEL = "-O";
				VALIDATE_PRODUCT = YES;
			};
			name = Release;
		};
		D0F260A4232F9E65005FA653 /* Debug */ = {
			isa = XCBuildConfiguration;
			buildSettings = {
				ASSETCATALOG_COMPILER_APPICON_NAME = AppIcon;
				CODE_SIGN_STYLE = Automatic;
				DEVELOPMENT_TEAM = 8348Q67VC5;
				FRAMEWORK_SEARCH_PATHS = (
					"$(inherited)",
					"$(PROJECT_DIR)",
				);
				INFOPLIST_FILE = "$(SRCROOT)/Applet IFTTT/Resources/Info.plist";
				IPHONEOS_DEPLOYMENT_TARGET = 12.1;
				LD_RUNPATH_SEARCH_PATHS = (
					"$(inherited)",
					"@executable_path/Frameworks",
				);
				PRODUCT_BUNDLE_IDENTIFIER = "com.alexa.ifttt.Applet-IFTTT";
				PRODUCT_NAME = "$(TARGET_NAME)";
				SWIFT_VERSION = 5.0;
				TARGETED_DEVICE_FAMILY = "1,2";
			};
			name = Debug;
		};
		D0F260A5232F9E65005FA653 /* Release */ = {
			isa = XCBuildConfiguration;
			buildSettings = {
				ASSETCATALOG_COMPILER_APPICON_NAME = AppIcon;
				CODE_SIGN_STYLE = Automatic;
				DEVELOPMENT_TEAM = 8348Q67VC5;
				FRAMEWORK_SEARCH_PATHS = (
					"$(inherited)",
					"$(PROJECT_DIR)",
				);
				INFOPLIST_FILE = "Applet IFTTT/Info.plist";
				LD_RUNPATH_SEARCH_PATHS = (
					"$(inherited)",
					"@executable_path/Frameworks",
				);
				PRODUCT_BUNDLE_IDENTIFIER = "com.alexa.ifttt.Applet-IFTTT";
				PRODUCT_NAME = "$(TARGET_NAME)";
				SWIFT_VERSION = 5.0;
				TARGETED_DEVICE_FAMILY = "1,2";
			};
			name = Release;
		};
		D0F260A7232F9E65005FA653 /* Debug */ = {
			isa = XCBuildConfiguration;
			buildSettings = {
				ALWAYS_EMBED_SWIFT_STANDARD_LIBRARIES = YES;
				BUNDLE_LOADER = "$(TEST_HOST)";
				CODE_SIGN_STYLE = Automatic;
				DEVELOPMENT_TEAM = 8348Q67VC5;
				INFOPLIST_FILE = "Applet IFTTTTests/Info.plist";
				LD_RUNPATH_SEARCH_PATHS = (
					"$(inherited)",
					"@executable_path/Frameworks",
					"@loader_path/Frameworks",
				);
				PRODUCT_BUNDLE_IDENTIFIER = "com.alexa.ifttt.Applet-IFTTTTests";
				PRODUCT_NAME = "$(TARGET_NAME)";
				SWIFT_VERSION = 5.0;
				TARGETED_DEVICE_FAMILY = "1,2";
				TEST_HOST = "$(BUILT_PRODUCTS_DIR)/Applet IFTTT.app/Applet IFTTT";
			};
			name = Debug;
		};
		D0F260A8232F9E65005FA653 /* Release */ = {
			isa = XCBuildConfiguration;
			buildSettings = {
				ALWAYS_EMBED_SWIFT_STANDARD_LIBRARIES = YES;
				BUNDLE_LOADER = "$(TEST_HOST)";
				CODE_SIGN_STYLE = Automatic;
				DEVELOPMENT_TEAM = 8348Q67VC5;
				INFOPLIST_FILE = "Applet IFTTTTests/Info.plist";
				LD_RUNPATH_SEARCH_PATHS = (
					"$(inherited)",
					"@executable_path/Frameworks",
					"@loader_path/Frameworks",
				);
				PRODUCT_BUNDLE_IDENTIFIER = "com.alexa.ifttt.Applet-IFTTTTests";
				PRODUCT_NAME = "$(TARGET_NAME)";
				SWIFT_VERSION = 5.0;
				TARGETED_DEVICE_FAMILY = "1,2";
				TEST_HOST = "$(BUILT_PRODUCTS_DIR)/Applet IFTTT.app/Applet IFTTT";
			};
			name = Release;
		};
/* End XCBuildConfiguration section */

/* Begin XCConfigurationList section */
		D0F26081232F9E64005FA653 /* Build configuration list for PBXProject "Applet IFTTT" */ = {
			isa = XCConfigurationList;
			buildConfigurations = (
				D0F260A1232F9E65005FA653 /* Debug */,
				D0F260A2232F9E65005FA653 /* Release */,
			);
			defaultConfigurationIsVisible = 0;
			defaultConfigurationName = Release;
		};
		D0F260A3232F9E65005FA653 /* Build configuration list for PBXNativeTarget "Applet IFTTT" */ = {
			isa = XCConfigurationList;
			buildConfigurations = (
				D0F260A4232F9E65005FA653 /* Debug */,
				D0F260A5232F9E65005FA653 /* Release */,
			);
			defaultConfigurationIsVisible = 0;
			defaultConfigurationName = Release;
		};
		D0F260A6232F9E65005FA653 /* Build configuration list for PBXNativeTarget "Applet IFTTTTests" */ = {
			isa = XCConfigurationList;
			buildConfigurations = (
				D0F260A7232F9E65005FA653 /* Debug */,
				D0F260A8232F9E65005FA653 /* Release */,
			);
			defaultConfigurationIsVisible = 0;
			defaultConfigurationName = Release;
		};
/* End XCConfigurationList section */
	};
	rootObject = D0F2607E232F9E64005FA653 /* Project object */;
}
